// !$*UTF8*$!
{
	archiveVersion = 1;
	classes = {
	};
	objectVersion = 52;
	objects = {

/* Begin PBXBuildFile section */
		AF0CF21D24C4B02B0089FE87 /* NetworkObserver.swift in Sources */ = {isa = PBXBuildFile; fileRef = AF0CF21C24C4B02B0089FE87 /* NetworkObserver.swift */; };
		AF0CF22324C772150089FE87 /* NameEditView.swift in Sources */ = {isa = PBXBuildFile; fileRef = AF0CF22224C772150089FE87 /* NameEditView.swift */; };
		AF0CF22524C89DB00089FE87 /* FilterOptions.swift in Sources */ = {isa = PBXBuildFile; fileRef = AF0CF22424C89DB00089FE87 /* FilterOptions.swift */; };
		AF0CF22724C89E950089FE87 /* FilterShortcut.swift in Sources */ = {isa = PBXBuildFile; fileRef = AF0CF22624C89E950089FE87 /* FilterShortcut.swift */; };
		AF0CF22924C8A3860089FE87 /* ListSettingsScreen.swift in Sources */ = {isa = PBXBuildFile; fileRef = AF0CF22824C8A3860089FE87 /* ListSettingsScreen.swift */; };
		AF0CF22E24C8B2FA0089FE87 /* RoundedTextFieldBackground.swift in Sources */ = {isa = PBXBuildFile; fileRef = AF0CF22D24C8B2FA0089FE87 /* RoundedTextFieldBackground.swift */; };
		AF0CF23024CA12280089FE87 /* DatePickerView.swift in Sources */ = {isa = PBXBuildFile; fileRef = AF0CF22F24CA12280089FE87 /* DatePickerView.swift */; };
		AF0CF23224CAF4840089FE87 /* Date.swift in Sources */ = {isa = PBXBuildFile; fileRef = AF0CF23124CAF4840089FE87 /* Date.swift */; };
		AF15C7FC24A79FE1004E3E60 /* InfoCard.swift in Sources */ = {isa = PBXBuildFile; fileRef = AF15C7FB24A79FE1004E3E60 /* InfoCard.swift */; };
		AF15C7FE24A7A0F4004E3E60 /* LinkDetailScreen.swift in Sources */ = {isa = PBXBuildFile; fileRef = AF15C7FD24A7A0F4004E3E60 /* LinkDetailScreen.swift */; };
		AF15C80024A7A246004E3E60 /* CircleImage.swift in Sources */ = {isa = PBXBuildFile; fileRef = AF15C7FF24A7A246004E3E60 /* CircleImage.swift */; };
		AF15C80224A7A3FE004E3E60 /* DateDisplay.swift in Sources */ = {isa = PBXBuildFile; fileRef = AF15C80124A7A3FE004E3E60 /* DateDisplay.swift */; };
		AF15C80424A7D5E2004E3E60 /* TextButtonStyle.swift in Sources */ = {isa = PBXBuildFile; fileRef = AF15C80324A7D5E2004E3E60 /* TextButtonStyle.swift */; };
		AF15C80624A7D725004E3E60 /* IconButtonStyle.swift in Sources */ = {isa = PBXBuildFile; fileRef = AF15C80524A7D725004E3E60 /* IconButtonStyle.swift */; };
		AF29A26A24A8834800308D45 /* FavIcon in Frameworks */ = {isa = PBXBuildFile; productRef = AF29A26924A8834800308D45 /* FavIcon */; };
		AF29A26C24A895A000308D45 /* SaveScreen.swift in Sources */ = {isa = PBXBuildFile; fileRef = AF29A26B24A895A000308D45 /* SaveScreen.swift */; };
		AF29A26E24A8A24000308D45 /* dismissKeyboard.swift in Sources */ = {isa = PBXBuildFile; fileRef = AF29A26D24A8A24000308D45 /* dismissKeyboard.swift */; };
		AF29A27324AB955B00308D45 /* AppModel.swift in Sources */ = {isa = PBXBuildFile; fileRef = AF29A27224AB955B00308D45 /* AppModel.swift */; };
		AF2F196624BDB84E00345A98 /* ScanningIndicator.swift in Sources */ = {isa = PBXBuildFile; fileRef = AF2F196524BDB84E00345A98 /* ScanningIndicator.swift */; };
		AF2F196824C0E32E00345A98 /* FlatButtonStyle.swift in Sources */ = {isa = PBXBuildFile; fileRef = AF2F196724C0E32E00345A98 /* FlatButtonStyle.swift */; };
		AF4050E024AD0C4B006F2143 /* ImageProcessor.swift in Sources */ = {isa = PBXBuildFile; fileRef = AF4050DF24AD0C4B006F2143 /* ImageProcessor.swift */; };
		AF4050E224AD159C006F2143 /* RegEx.swift in Sources */ = {isa = PBXBuildFile; fileRef = AF4050E124AD159C006F2143 /* RegEx.swift */; };
		AF5FBC9A24A3A2550009D7DF /* CameraView.swift in Sources */ = {isa = PBXBuildFile; fileRef = AF5FBC9924A3A2550009D7DF /* CameraView.swift */; };
		AF5FBC9C24A4E0A00009D7DF /* ScannerScreen.swift in Sources */ = {isa = PBXBuildFile; fileRef = AF5FBC9B24A4E0A00009D7DF /* ScannerScreen.swift */; };
		AF5FBC9E24A4E1170009D7DF /* LibraryScreen.swift in Sources */ = {isa = PBXBuildFile; fileRef = AF5FBC9D24A4E1170009D7DF /* LibraryScreen.swift */; };
		AF6151E824A200E700E158C7 /* AppDelegate.swift in Sources */ = {isa = PBXBuildFile; fileRef = AF6151E724A200E700E158C7 /* AppDelegate.swift */; };
		AF6151EA24A200E700E158C7 /* SceneDelegate.swift in Sources */ = {isa = PBXBuildFile; fileRef = AF6151E924A200E700E158C7 /* SceneDelegate.swift */; };
		AF6151ED24A200E700E158C7 /* Tiger.xcdatamodeld in Sources */ = {isa = PBXBuildFile; fileRef = AF6151EB24A200E700E158C7 /* Tiger.xcdatamodeld */; };
		AF6151EF24A200E700E158C7 /* MainScreen.swift in Sources */ = {isa = PBXBuildFile; fileRef = AF6151EE24A200E700E158C7 /* MainScreen.swift */; };
		AF6151F124A200EA00E158C7 /* Assets.xcassets in Resources */ = {isa = PBXBuildFile; fileRef = AF6151F024A200EA00E158C7 /* Assets.xcassets */; };
		AF6151F424A200EA00E158C7 /* Preview Assets.xcassets in Resources */ = {isa = PBXBuildFile; fileRef = AF6151F324A200EA00E158C7 /* Preview Assets.xcassets */; };
		AF6151F724A200EA00E158C7 /* LaunchScreen.storyboard in Resources */ = {isa = PBXBuildFile; fileRef = AF6151F524A200EA00E158C7 /* LaunchScreen.storyboard */; };
		AF61520224A200EB00E158C7 /* TigerTests.swift in Sources */ = {isa = PBXBuildFile; fileRef = AF61520124A200EB00E158C7 /* TigerTests.swift */; };
		AF61520D24A200EB00E158C7 /* TigerUITests.swift in Sources */ = {isa = PBXBuildFile; fileRef = AF61520C24A200EB00E158C7 /* TigerUITests.swift */; };
		AF61522024A201F200E158C7 /* ButtonComponent.swift in Sources */ = {isa = PBXBuildFile; fileRef = AF61521F24A201F200E158C7 /* ButtonComponent.swift */; };
		AF61522324A20CE900E158C7 /* MUIShadow.swift in Sources */ = {isa = PBXBuildFile; fileRef = AF61522224A20CE900E158C7 /* MUIShadow.swift */; };
		AF61522624A20F0700E158C7 /* Color.swift in Sources */ = {isa = PBXBuildFile; fileRef = AF61522524A20F0700E158C7 /* Color.swift */; };
		AF61522824A27ACB00E158C7 /* SwitchComponent.swift in Sources */ = {isa = PBXBuildFile; fileRef = AF61522724A27ACB00E158C7 /* SwitchComponent.swift */; };
		AF61522A24A2844500E158C7 /* Stretch.swift in Sources */ = {isa = PBXBuildFile; fileRef = AF61522924A2844500E158C7 /* Stretch.swift */; };
		AF717A3124A67223007E641E /* ScannedLink.swift in Sources */ = {isa = PBXBuildFile; fileRef = AF717A3024A67223007E641E /* ScannedLink.swift */; };
		AF717A3624A76F9E007E641E /* MaterialButtonStyle.swift in Sources */ = {isa = PBXBuildFile; fileRef = AF717A3524A76F9E007E641E /* MaterialButtonStyle.swift */; };
		AF717A3824A7760D007E641E /* SearchBar.swift in Sources */ = {isa = PBXBuildFile; fileRef = AF717A3724A7760D007E641E /* SearchBar.swift */; };
		AF717A3A24A79073007E641E /* LinkPreview.swift in Sources */ = {isa = PBXBuildFile; fileRef = AF717A3924A79073007E641E /* LinkPreview.swift */; };
		AF717A3E24A799C2007E641E /* ScannerResultPreview.swift in Sources */ = {isa = PBXBuildFile; fileRef = AF717A3D24A799C2007E641E /* ScannerResultPreview.swift */; };
		AF8896C724C30A1D000183FA /* CameraDenied.swift in Sources */ = {isa = PBXBuildFile; fileRef = AF8896C624C30A1D000183FA /* CameraDenied.swift */; };
		AFBA6C4A24C1C12300E1E860 /* ListButtonStyle.swift in Sources */ = {isa = PBXBuildFile; fileRef = AFBA6C4924C1C12300E1E860 /* ListButtonStyle.swift */; };
		AFBA6C4C24C1DDA100E1E860 /* ShareSheet.swift in Sources */ = {isa = PBXBuildFile; fileRef = AFBA6C4B24C1DDA100E1E860 /* ShareSheet.swift */; };
		AFBA6C4E24C1E12000E1E860 /* URL.swift in Sources */ = {isa = PBXBuildFile; fileRef = AFBA6C4D24C1E12000E1E860 /* URL.swift */; };
		AFBA6C5024C21D4200E1E860 /* NoContent.swift in Sources */ = {isa = PBXBuildFile; fileRef = AFBA6C4F24C21D4200E1E860 /* NoContent.swift */; };
		AFD515B024BA3E6C001A4EC5 /* ImageResultFilter.swift in Sources */ = {isa = PBXBuildFile; fileRef = AFD515AF24BA3E6C001A4EC5 /* ImageResultFilter.swift */; };
		AFD515B224BB4EC9001A4EC5 /* StringSimilarity.swift in Sources */ = {isa = PBXBuildFile; fileRef = AFD515B124BB4EC9001A4EC5 /* StringSimilarity.swift */; };
		AFD515B424BB5935001A4EC5 /* Average.swift in Sources */ = {isa = PBXBuildFile; fileRef = AFD515B324BB5935001A4EC5 /* Average.swift */; };
/* End PBXBuildFile section */

/* Begin PBXContainerItemProxy section */
		AF6151FE24A200EB00E158C7 /* PBXContainerItemProxy */ = {
			isa = PBXContainerItemProxy;
			containerPortal = AF6151DC24A200E700E158C7 /* Project object */;
			proxyType = 1;
			remoteGlobalIDString = AF6151E324A200E700E158C7;
			remoteInfo = Tiger;
		};
		AF61520924A200EB00E158C7 /* PBXContainerItemProxy */ = {
			isa = PBXContainerItemProxy;
			containerPortal = AF6151DC24A200E700E158C7 /* Project object */;
			proxyType = 1;
			remoteGlobalIDString = AF6151E324A200E700E158C7;
			remoteInfo = Tiger;
		};
/* End PBXContainerItemProxy section */

/* Begin PBXFileReference section */
		AF0CF21C24C4B02B0089FE87 /* NetworkObserver.swift */ = {isa = PBXFileReference; lastKnownFileType = sourcecode.swift; path = NetworkObserver.swift; sourceTree = "<group>"; };
		AF0CF21E24C603B80089FE87 /* README.md */ = {isa = PBXFileReference; lastKnownFileType = net.daringfireball.markdown; path = README.md; sourceTree = "<group>"; };
		AF0CF22224C772150089FE87 /* NameEditView.swift */ = {isa = PBXFileReference; lastKnownFileType = sourcecode.swift; path = NameEditView.swift; sourceTree = "<group>"; };
		AF0CF22424C89DB00089FE87 /* FilterOptions.swift */ = {isa = PBXFileReference; lastKnownFileType = sourcecode.swift; path = FilterOptions.swift; sourceTree = "<group>"; };
		AF0CF22624C89E950089FE87 /* FilterShortcut.swift */ = {isa = PBXFileReference; lastKnownFileType = sourcecode.swift; path = FilterShortcut.swift; sourceTree = "<group>"; };
		AF0CF22824C8A3860089FE87 /* ListSettingsScreen.swift */ = {isa = PBXFileReference; lastKnownFileType = sourcecode.swift; path = ListSettingsScreen.swift; sourceTree = "<group>"; };
		AF0CF22D24C8B2FA0089FE87 /* RoundedTextFieldBackground.swift */ = {isa = PBXFileReference; lastKnownFileType = sourcecode.swift; path = RoundedTextFieldBackground.swift; sourceTree = "<group>"; };
		AF0CF22F24CA12280089FE87 /* DatePickerView.swift */ = {isa = PBXFileReference; lastKnownFileType = sourcecode.swift; path = DatePickerView.swift; sourceTree = "<group>"; };
		AF0CF23124CAF4840089FE87 /* Date.swift */ = {isa = PBXFileReference; lastKnownFileType = sourcecode.swift; path = Date.swift; sourceTree = "<group>"; };
		AF15C7FB24A79FE1004E3E60 /* InfoCard.swift */ = {isa = PBXFileReference; lastKnownFileType = sourcecode.swift; path = InfoCard.swift; sourceTree = "<group>"; };
		AF15C7FD24A7A0F4004E3E60 /* LinkDetailScreen.swift */ = {isa = PBXFileReference; lastKnownFileType = sourcecode.swift; path = LinkDetailScreen.swift; sourceTree = "<group>"; };
		AF15C7FF24A7A246004E3E60 /* CircleImage.swift */ = {isa = PBXFileReference; lastKnownFileType = sourcecode.swift; path = CircleImage.swift; sourceTree = "<group>"; };
		AF15C80124A7A3FE004E3E60 /* DateDisplay.swift */ = {isa = PBXFileReference; lastKnownFileType = sourcecode.swift; path = DateDisplay.swift; sourceTree = "<group>"; };
		AF15C80324A7D5E2004E3E60 /* TextButtonStyle.swift */ = {isa = PBXFileReference; lastKnownFileType = sourcecode.swift; path = TextButtonStyle.swift; sourceTree = "<group>"; };
		AF15C80524A7D725004E3E60 /* IconButtonStyle.swift */ = {isa = PBXFileReference; lastKnownFileType = sourcecode.swift; path = IconButtonStyle.swift; sourceTree = "<group>"; };
		AF29A26B24A895A000308D45 /* SaveScreen.swift */ = {isa = PBXFileReference; lastKnownFileType = sourcecode.swift; path = SaveScreen.swift; sourceTree = "<group>"; };
		AF29A26D24A8A24000308D45 /* dismissKeyboard.swift */ = {isa = PBXFileReference; lastKnownFileType = sourcecode.swift; path = dismissKeyboard.swift; sourceTree = "<group>"; };
		AF29A27224AB955B00308D45 /* AppModel.swift */ = {isa = PBXFileReference; lastKnownFileType = sourcecode.swift; path = AppModel.swift; sourceTree = "<group>"; };
		AF2F196524BDB84E00345A98 /* ScanningIndicator.swift */ = {isa = PBXFileReference; lastKnownFileType = sourcecode.swift; path = ScanningIndicator.swift; sourceTree = "<group>"; };
		AF2F196724C0E32E00345A98 /* FlatButtonStyle.swift */ = {isa = PBXFileReference; lastKnownFileType = sourcecode.swift; path = FlatButtonStyle.swift; sourceTree = "<group>"; };
		AF4050DF24AD0C4B006F2143 /* ImageProcessor.swift */ = {isa = PBXFileReference; lastKnownFileType = sourcecode.swift; path = ImageProcessor.swift; sourceTree = "<group>"; };
		AF4050E124AD159C006F2143 /* RegEx.swift */ = {isa = PBXFileReference; lastKnownFileType = sourcecode.swift; path = RegEx.swift; sourceTree = "<group>"; };
		AF5FBC9924A3A2550009D7DF /* CameraView.swift */ = {isa = PBXFileReference; lastKnownFileType = sourcecode.swift; path = CameraView.swift; sourceTree = "<group>"; };
		AF5FBC9B24A4E0A00009D7DF /* ScannerScreen.swift */ = {isa = PBXFileReference; lastKnownFileType = sourcecode.swift; path = ScannerScreen.swift; sourceTree = "<group>"; };
		AF5FBC9D24A4E1170009D7DF /* LibraryScreen.swift */ = {isa = PBXFileReference; lastKnownFileType = sourcecode.swift; path = LibraryScreen.swift; sourceTree = "<group>"; };
		AF6151E424A200E700E158C7 /* Tiger.app */ = {isa = PBXFileReference; explicitFileType = wrapper.application; includeInIndex = 0; path = Tiger.app; sourceTree = BUILT_PRODUCTS_DIR; };
		AF6151E724A200E700E158C7 /* AppDelegate.swift */ = {isa = PBXFileReference; lastKnownFileType = sourcecode.swift; path = AppDelegate.swift; sourceTree = "<group>"; };
		AF6151E924A200E700E158C7 /* SceneDelegate.swift */ = {isa = PBXFileReference; lastKnownFileType = sourcecode.swift; path = SceneDelegate.swift; sourceTree = "<group>"; };
		AF6151EC24A200E700E158C7 /* Tiger.xcdatamodel */ = {isa = PBXFileReference; lastKnownFileType = wrapper.xcdatamodel; path = Tiger.xcdatamodel; sourceTree = "<group>"; };
		AF6151EE24A200E700E158C7 /* MainScreen.swift */ = {isa = PBXFileReference; lastKnownFileType = sourcecode.swift; path = MainScreen.swift; sourceTree = "<group>"; };
		AF6151F024A200EA00E158C7 /* Assets.xcassets */ = {isa = PBXFileReference; lastKnownFileType = folder.assetcatalog; path = Assets.xcassets; sourceTree = "<group>"; };
		AF6151F324A200EA00E158C7 /* Preview Assets.xcassets */ = {isa = PBXFileReference; lastKnownFileType = folder.assetcatalog; path = "Preview Assets.xcassets"; sourceTree = "<group>"; };
		AF6151F624A200EA00E158C7 /* Base */ = {isa = PBXFileReference; lastKnownFileType = file.storyboard; name = Base; path = Base.lproj/LaunchScreen.storyboard; sourceTree = "<group>"; };
		AF6151F824A200EA00E158C7 /* Info.plist */ = {isa = PBXFileReference; lastKnownFileType = text.plist.xml; path = Info.plist; sourceTree = "<group>"; };
		AF6151FD24A200EB00E158C7 /* TigerTests.xctest */ = {isa = PBXFileReference; explicitFileType = wrapper.cfbundle; includeInIndex = 0; path = TigerTests.xctest; sourceTree = BUILT_PRODUCTS_DIR; };
		AF61520124A200EB00E158C7 /* TigerTests.swift */ = {isa = PBXFileReference; lastKnownFileType = sourcecode.swift; path = TigerTests.swift; sourceTree = "<group>"; };
		AF61520324A200EB00E158C7 /* Info.plist */ = {isa = PBXFileReference; lastKnownFileType = text.plist.xml; path = Info.plist; sourceTree = "<group>"; };
		AF61520824A200EB00E158C7 /* TigerUITests.xctest */ = {isa = PBXFileReference; explicitFileType = wrapper.cfbundle; includeInIndex = 0; path = TigerUITests.xctest; sourceTree = BUILT_PRODUCTS_DIR; };
		AF61520C24A200EB00E158C7 /* TigerUITests.swift */ = {isa = PBXFileReference; lastKnownFileType = sourcecode.swift; path = TigerUITests.swift; sourceTree = "<group>"; };
		AF61520E24A200EB00E158C7 /* Info.plist */ = {isa = PBXFileReference; lastKnownFileType = text.plist.xml; path = Info.plist; sourceTree = "<group>"; };
		AF61521F24A201F200E158C7 /* ButtonComponent.swift */ = {isa = PBXFileReference; lastKnownFileType = sourcecode.swift; path = ButtonComponent.swift; sourceTree = "<group>"; };
		AF61522224A20CE900E158C7 /* MUIShadow.swift */ = {isa = PBXFileReference; lastKnownFileType = sourcecode.swift; path = MUIShadow.swift; sourceTree = "<group>"; };
		AF61522524A20F0700E158C7 /* Color.swift */ = {isa = PBXFileReference; lastKnownFileType = sourcecode.swift; path = Color.swift; sourceTree = "<group>"; };
		AF61522724A27ACB00E158C7 /* SwitchComponent.swift */ = {isa = PBXFileReference; lastKnownFileType = sourcecode.swift; path = SwitchComponent.swift; sourceTree = "<group>"; };
		AF61522924A2844500E158C7 /* Stretch.swift */ = {isa = PBXFileReference; lastKnownFileType = sourcecode.swift; path = Stretch.swift; sourceTree = "<group>"; };
		AF717A3024A67223007E641E /* ScannedLink.swift */ = {isa = PBXFileReference; lastKnownFileType = sourcecode.swift; path = ScannedLink.swift; sourceTree = "<group>"; };
		AF717A3524A76F9E007E641E /* MaterialButtonStyle.swift */ = {isa = PBXFileReference; lastKnownFileType = sourcecode.swift; path = MaterialButtonStyle.swift; sourceTree = "<group>"; };
		AF717A3724A7760D007E641E /* SearchBar.swift */ = {isa = PBXFileReference; lastKnownFileType = sourcecode.swift; path = SearchBar.swift; sourceTree = "<group>"; };
		AF717A3924A79073007E641E /* LinkPreview.swift */ = {isa = PBXFileReference; lastKnownFileType = sourcecode.swift; path = LinkPreview.swift; sourceTree = "<group>"; };
		AF717A3D24A799C2007E641E /* ScannerResultPreview.swift */ = {isa = PBXFileReference; lastKnownFileType = sourcecode.swift; path = ScannerResultPreview.swift; sourceTree = "<group>"; };
		AF8896C624C30A1D000183FA /* CameraDenied.swift */ = {isa = PBXFileReference; lastKnownFileType = sourcecode.swift; path = CameraDenied.swift; sourceTree = "<group>"; };
		AFBA6C4924C1C12300E1E860 /* ListButtonStyle.swift */ = {isa = PBXFileReference; lastKnownFileType = sourcecode.swift; path = ListButtonStyle.swift; sourceTree = "<group>"; };
		AFBA6C4B24C1DDA100E1E860 /* ShareSheet.swift */ = {isa = PBXFileReference; lastKnownFileType = sourcecode.swift; path = ShareSheet.swift; sourceTree = "<group>"; };
		AFBA6C4D24C1E12000E1E860 /* URL.swift */ = {isa = PBXFileReference; lastKnownFileType = sourcecode.swift; path = URL.swift; sourceTree = "<group>"; };
		AFBA6C4F24C21D4200E1E860 /* NoContent.swift */ = {isa = PBXFileReference; lastKnownFileType = sourcecode.swift; path = NoContent.swift; sourceTree = "<group>"; };
		AFD515AF24BA3E6C001A4EC5 /* ImageResultFilter.swift */ = {isa = PBXFileReference; lastKnownFileType = sourcecode.swift; path = ImageResultFilter.swift; sourceTree = "<group>"; };
		AFD515B124BB4EC9001A4EC5 /* StringSimilarity.swift */ = {isa = PBXFileReference; lastKnownFileType = sourcecode.swift; path = StringSimilarity.swift; sourceTree = "<group>"; };
		AFD515B324BB5935001A4EC5 /* Average.swift */ = {isa = PBXFileReference; lastKnownFileType = sourcecode.swift; path = Average.swift; sourceTree = "<group>"; };
/* End PBXFileReference section */

/* Begin PBXFrameworksBuildPhase section */
		AF6151E124A200E700E158C7 /* Frameworks */ = {
			isa = PBXFrameworksBuildPhase;
			buildActionMask = 2147483647;
			files = (
				AF29A26A24A8834800308D45 /* FavIcon in Frameworks */,
			);
			runOnlyForDeploymentPostprocessing = 0;
		};
		AF6151FA24A200EB00E158C7 /* Frameworks */ = {
			isa = PBXFrameworksBuildPhase;
			buildActionMask = 2147483647;
			files = (
			);
			runOnlyForDeploymentPostprocessing = 0;
		};
		AF61520524A200EB00E158C7 /* Frameworks */ = {
			isa = PBXFrameworksBuildPhase;
			buildActionMask = 2147483647;
			files = (
			);
			runOnlyForDeploymentPostprocessing = 0;
		};
/* End PBXFrameworksBuildPhase section */

/* Begin PBXGroup section */
		AF29A26F24A9F04700308D45 /* Alerts */ = {
			isa = PBXGroup;
			children = (
			);
			path = Alerts;
			sourceTree = "<group>";
		};
		AF6151DB24A200E700E158C7 = {
			isa = PBXGroup;
			children = (
				AF0CF21E24C603B80089FE87 /* README.md */,
				AF6151E624A200E700E158C7 /* Tiger */,
				AF61520024A200EB00E158C7 /* TigerTests */,
				AF61520B24A200EB00E158C7 /* TigerUITests */,
				AF6151E524A200E700E158C7 /* Products */,
			);
			sourceTree = "<group>";
		};
		AF6151E524A200E700E158C7 /* Products */ = {
			isa = PBXGroup;
			children = (
				AF6151E424A200E700E158C7 /* Tiger.app */,
				AF6151FD24A200EB00E158C7 /* TigerTests.xctest */,
				AF61520824A200EB00E158C7 /* TigerUITests.xctest */,
			);
			name = Products;
			sourceTree = "<group>";
		};
		AF6151E624A200E700E158C7 /* Tiger */ = {
			isa = PBXGroup;
			children = (
				AF61522424A20EF100E158C7 /* Utils */,
				AF61521D24A2013500E158C7 /* App */,
				AF61521B24A2010F00E158C7 /* Model */,
				AF61521E24A2013A00E158C7 /* components */,
				AF61521C24A2012E00E158C7 /* Screens */,
				AF61521A24A2010800E158C7 /* Assets */,
				AF6151F224A200EA00E158C7 /* Preview Content */,
			);
			path = Tiger;
			sourceTree = "<group>";
		};
		AF6151F224A200EA00E158C7 /* Preview Content */ = {
			isa = PBXGroup;
			children = (
				AF6151F324A200EA00E158C7 /* Preview Assets.xcassets */,
			);
			path = "Preview Content";
			sourceTree = "<group>";
		};
		AF61520024A200EB00E158C7 /* TigerTests */ = {
			isa = PBXGroup;
			children = (
				AF61520124A200EB00E158C7 /* TigerTests.swift */,
				AF61520324A200EB00E158C7 /* Info.plist */,
			);
			path = TigerTests;
			sourceTree = "<group>";
		};
		AF61520B24A200EB00E158C7 /* TigerUITests */ = {
			isa = PBXGroup;
			children = (
				AF61520C24A200EB00E158C7 /* TigerUITests.swift */,
				AF61520E24A200EB00E158C7 /* Info.plist */,
			);
			path = TigerUITests;
			sourceTree = "<group>";
		};
		AF61521A24A2010800E158C7 /* Assets */ = {
			isa = PBXGroup;
			children = (
				AF6151F024A200EA00E158C7 /* Assets.xcassets */,
				AF6151F524A200EA00E158C7 /* LaunchScreen.storyboard */,
				AF6151F824A200EA00E158C7 /* Info.plist */,
				AF6151EB24A200E700E158C7 /* Tiger.xcdatamodeld */,
			);
			name = Assets;
			sourceTree = "<group>";
		};
		AF61521B24A2010F00E158C7 /* Model */ = {
			isa = PBXGroup;
			children = (
				AF29A27224AB955B00308D45 /* AppModel.swift */,
				AF717A3024A67223007E641E /* ScannedLink.swift */,
				AF4050DF24AD0C4B006F2143 /* ImageProcessor.swift */,
				AFD515AF24BA3E6C001A4EC5 /* ImageResultFilter.swift */,
				AF0CF21C24C4B02B0089FE87 /* NetworkObserver.swift */,
				AF0CF22424C89DB00089FE87 /* FilterOptions.swift */,
			);
			path = Model;
			sourceTree = "<group>";
		};
		AF61521C24A2012E00E158C7 /* Screens */ = {
			isa = PBXGroup;
			children = (
				AF29A26F24A9F04700308D45 /* Alerts */,
				AF15C7FD24A7A0F4004E3E60 /* LinkDetailScreen.swift */,
				AF6151EE24A200E700E158C7 /* MainScreen.swift */,
				AF5FBC9B24A4E0A00009D7DF /* ScannerScreen.swift */,
				AF5FBC9D24A4E1170009D7DF /* LibraryScreen.swift */,
				AF29A26B24A895A000308D45 /* SaveScreen.swift */,
				AF0CF22824C8A3860089FE87 /* ListSettingsScreen.swift */,
			);
			path = Screens;
			sourceTree = "<group>";
		};
		AF61521D24A2013500E158C7 /* App */ = {
			isa = PBXGroup;
			children = (
				AF6151E724A200E700E158C7 /* AppDelegate.swift */,
				AF6151E924A200E700E158C7 /* SceneDelegate.swift */,
			);
			path = App;
			sourceTree = "<group>";
		};
		AF61521E24A2013A00E158C7 /* components */ = {
			isa = PBXGroup;
			children = (
				AF717A3224A76F71007E641E /* ButtonStyles */,
				AF61522124A20CCC00E158C7 /* Modifiers */,
				AF61521F24A201F200E158C7 /* ButtonComponent.swift */,
				AF61522724A27ACB00E158C7 /* SwitchComponent.swift */,
				AF5FBC9924A3A2550009D7DF /* CameraView.swift */,
				AF717A3724A7760D007E641E /* SearchBar.swift */,
				AF717A3924A79073007E641E /* LinkPreview.swift */,
				AF717A3D24A799C2007E641E /* ScannerResultPreview.swift */,
				AF15C7FB24A79FE1004E3E60 /* InfoCard.swift */,
				AF15C80124A7A3FE004E3E60 /* DateDisplay.swift */,
				AF2F196524BDB84E00345A98 /* ScanningIndicator.swift */,
				AFBA6C4B24C1DDA100E1E860 /* ShareSheet.swift */,
				AFBA6C4F24C21D4200E1E860 /* NoContent.swift */,
				AF8896C624C30A1D000183FA /* CameraDenied.swift */,
				AF0CF22224C772150089FE87 /* NameEditView.swift */,
				AF0CF22624C89E950089FE87 /* FilterShortcut.swift */,
				AF0CF22F24CA12280089FE87 /* DatePickerView.swift */,
			);
			path = components;
			sourceTree = "<group>";
		};
		AF61522124A20CCC00E158C7 /* Modifiers */ = {
			isa = PBXGroup;
			children = (
				AF61522224A20CE900E158C7 /* MUIShadow.swift */,
				AF61522924A2844500E158C7 /* Stretch.swift */,
				AF15C7FF24A7A246004E3E60 /* CircleImage.swift */,
				AF0CF22D24C8B2FA0089FE87 /* RoundedTextFieldBackground.swift */,
			);
			path = Modifiers;
			sourceTree = "<group>";
		};
		AF61522424A20EF100E158C7 /* Utils */ = {
			isa = PBXGroup;
			children = (
				AF61522524A20F0700E158C7 /* Color.swift */,
				AF29A26D24A8A24000308D45 /* dismissKeyboard.swift */,
				AF4050E124AD159C006F2143 /* RegEx.swift */,
				AFD515B124BB4EC9001A4EC5 /* StringSimilarity.swift */,
				AFD515B324BB5935001A4EC5 /* Average.swift */,
				AFBA6C4D24C1E12000E1E860 /* URL.swift */,
				AF0CF23124CAF4840089FE87 /* Date.swift */,
			);
			path = Utils;
			sourceTree = "<group>";
		};
		AF717A3224A76F71007E641E /* ButtonStyles */ = {
			isa = PBXGroup;
			children = (
				AF717A3524A76F9E007E641E /* MaterialButtonStyle.swift */,
				AF15C80324A7D5E2004E3E60 /* TextButtonStyle.swift */,
				AF15C80524A7D725004E3E60 /* IconButtonStyle.swift */,
				AF2F196724C0E32E00345A98 /* FlatButtonStyle.swift */,
				AFBA6C4924C1C12300E1E860 /* ListButtonStyle.swift */,
			);
			path = ButtonStyles;
			sourceTree = "<group>";
		};
/* End PBXGroup section */

/* Begin PBXNativeTarget section */
		AF6151E324A200E700E158C7 /* Tiger */ = {
			isa = PBXNativeTarget;
			buildConfigurationList = AF61521124A200EB00E158C7 /* Build configuration list for PBXNativeTarget "Tiger" */;
			buildPhases = (
				AF6151E024A200E700E158C7 /* Sources */,
				AF6151E124A200E700E158C7 /* Frameworks */,
				AF6151E224A200E700E158C7 /* Resources */,
			);
			buildRules = (
			);
			dependencies = (
			);
			name = Tiger;
			packageProductDependencies = (
				AF29A26924A8834800308D45 /* FavIcon */,
			);
			productName = Tiger;
			productReference = AF6151E424A200E700E158C7 /* Tiger.app */;
			productType = "com.apple.product-type.application";
		};
		AF6151FC24A200EB00E158C7 /* TigerTests */ = {
			isa = PBXNativeTarget;
			buildConfigurationList = AF61521424A200EB00E158C7 /* Build configuration list for PBXNativeTarget "TigerTests" */;
			buildPhases = (
				AF6151F924A200EB00E158C7 /* Sources */,
				AF6151FA24A200EB00E158C7 /* Frameworks */,
				AF6151FB24A200EB00E158C7 /* Resources */,
			);
			buildRules = (
			);
			dependencies = (
				AF6151FF24A200EB00E158C7 /* PBXTargetDependency */,
			);
			name = TigerTests;
			productName = TigerTests;
			productReference = AF6151FD24A200EB00E158C7 /* TigerTests.xctest */;
			productType = "com.apple.product-type.bundle.unit-test";
		};
		AF61520724A200EB00E158C7 /* TigerUITests */ = {
			isa = PBXNativeTarget;
			buildConfigurationList = AF61521724A200EB00E158C7 /* Build configuration list for PBXNativeTarget "TigerUITests" */;
			buildPhases = (
				AF61520424A200EB00E158C7 /* Sources */,
				AF61520524A200EB00E158C7 /* Frameworks */,
				AF61520624A200EB00E158C7 /* Resources */,
			);
			buildRules = (
			);
			dependencies = (
				AF61520A24A200EB00E158C7 /* PBXTargetDependency */,
			);
			name = TigerUITests;
			productName = TigerUITests;
			productReference = AF61520824A200EB00E158C7 /* TigerUITests.xctest */;
			productType = "com.apple.product-type.bundle.ui-testing";
		};
/* End PBXNativeTarget section */

/* Begin PBXProject section */
		AF6151DC24A200E700E158C7 /* Project object */ = {
			isa = PBXProject;
			attributes = {
				LastSwiftUpdateCheck = 1150;
				LastUpgradeCheck = 1150;
				ORGANIZATIONNAME = "Henrik Thoroe";
				TargetAttributes = {
					AF6151E324A200E700E158C7 = {
						CreatedOnToolsVersion = 11.5;
					};
					AF6151FC24A200EB00E158C7 = {
						CreatedOnToolsVersion = 11.5;
						TestTargetID = AF6151E324A200E700E158C7;
					};
					AF61520724A200EB00E158C7 = {
						CreatedOnToolsVersion = 11.5;
						TestTargetID = AF6151E324A200E700E158C7;
					};
				};
			};
			buildConfigurationList = AF6151DF24A200E700E158C7 /* Build configuration list for PBXProject "Tiger" */;
			compatibilityVersion = "Xcode 9.3";
			developmentRegion = en;
			hasScannedForEncodings = 0;
			knownRegions = (
				en,
				Base,
			);
			mainGroup = AF6151DB24A200E700E158C7;
			packageReferences = (
				AF29A26824A8834800308D45 /* XCRemoteSwiftPackageReference "FavIcon" */,
			);
			productRefGroup = AF6151E524A200E700E158C7 /* Products */;
			projectDirPath = "";
			projectRoot = "";
			targets = (
				AF6151E324A200E700E158C7 /* Tiger */,
				AF6151FC24A200EB00E158C7 /* TigerTests */,
				AF61520724A200EB00E158C7 /* TigerUITests */,
			);
		};
/* End PBXProject section */

/* Begin PBXResourcesBuildPhase section */
		AF6151E224A200E700E158C7 /* Resources */ = {
			isa = PBXResourcesBuildPhase;
			buildActionMask = 2147483647;
			files = (
				AF6151F724A200EA00E158C7 /* LaunchScreen.storyboard in Resources */,
				AF6151F424A200EA00E158C7 /* Preview Assets.xcassets in Resources */,
				AF6151F124A200EA00E158C7 /* Assets.xcassets in Resources */,
			);
			runOnlyForDeploymentPostprocessing = 0;
		};
		AF6151FB24A200EB00E158C7 /* Resources */ = {
			isa = PBXResourcesBuildPhase;
			buildActionMask = 2147483647;
			files = (
			);
			runOnlyForDeploymentPostprocessing = 0;
		};
		AF61520624A200EB00E158C7 /* Resources */ = {
			isa = PBXResourcesBuildPhase;
			buildActionMask = 2147483647;
			files = (
			);
			runOnlyForDeploymentPostprocessing = 0;
		};
/* End PBXResourcesBuildPhase section */

/* Begin PBXSourcesBuildPhase section */
		AF6151E024A200E700E158C7 /* Sources */ = {
			isa = PBXSourcesBuildPhase;
			buildActionMask = 2147483647;
			files = (
				AF2F196624BDB84E00345A98 /* ScanningIndicator.swift in Sources */,
				AF0CF22524C89DB00089FE87 /* FilterOptions.swift in Sources */,
				AF0CF22E24C8B2FA0089FE87 /* RoundedTextFieldBackground.swift in Sources */,
				AF15C7FE24A7A0F4004E3E60 /* LinkDetailScreen.swift in Sources */,
				AF4050E024AD0C4B006F2143 /* ImageProcessor.swift in Sources */,
				AF15C7FC24A79FE1004E3E60 /* InfoCard.swift in Sources */,
				AF0CF22324C772150089FE87 /* NameEditView.swift in Sources */,
				AF29A26C24A895A000308D45 /* SaveScreen.swift in Sources */,
				AF29A26E24A8A24000308D45 /* dismissKeyboard.swift in Sources */,
				AFBA6C4C24C1DDA100E1E860 /* ShareSheet.swift in Sources */,
				AF6151E824A200E700E158C7 /* AppDelegate.swift in Sources */,
				AF61522024A201F200E158C7 /* ButtonComponent.swift in Sources */,
				AF717A3824A7760D007E641E /* SearchBar.swift in Sources */,
				AFBA6C5024C21D4200E1E860 /* NoContent.swift in Sources */,
				AF15C80424A7D5E2004E3E60 /* TextButtonStyle.swift in Sources */,
				AFBA6C4E24C1E12000E1E860 /* URL.swift in Sources */,
				AF61522624A20F0700E158C7 /* Color.swift in Sources */,
				AF717A3624A76F9E007E641E /* MaterialButtonStyle.swift in Sources */,
				AF717A3124A67223007E641E /* ScannedLink.swift in Sources */,
				AF717A3E24A799C2007E641E /* ScannerResultPreview.swift in Sources */,
				AF8896C724C30A1D000183FA /* CameraDenied.swift in Sources */,
				AF0CF23024CA12280089FE87 /* DatePickerView.swift in Sources */,
				AF4050E224AD159C006F2143 /* RegEx.swift in Sources */,
				AF0CF23224CAF4840089FE87 /* Date.swift in Sources */,
				AFD515B424BB5935001A4EC5 /* Average.swift in Sources */,
				AF5FBC9A24A3A2550009D7DF /* CameraView.swift in Sources */,
				AFD515B224BB4EC9001A4EC5 /* StringSimilarity.swift in Sources */,
				AF29A27324AB955B00308D45 /* AppModel.swift in Sources */,
				AF15C80224A7A3FE004E3E60 /* DateDisplay.swift in Sources */,
				AF5FBC9E24A4E1170009D7DF /* LibraryScreen.swift in Sources */,
				AF15C80624A7D725004E3E60 /* IconButtonStyle.swift in Sources */,
				AFD515B024BA3E6C001A4EC5 /* ImageResultFilter.swift in Sources */,
				AFBA6C4A24C1C12300E1E860 /* ListButtonStyle.swift in Sources */,
				AF0CF21D24C4B02B0089FE87 /* NetworkObserver.swift in Sources */,
				AF6151EA24A200E700E158C7 /* SceneDelegate.swift in Sources */,
				AF6151EF24A200E700E158C7 /* MainScreen.swift in Sources */,
				AF2F196824C0E32E00345A98 /* FlatButtonStyle.swift in Sources */,
				AF61522824A27ACB00E158C7 /* SwitchComponent.swift in Sources */,
				AF6151ED24A200E700E158C7 /* Tiger.xcdatamodeld in Sources */,
				AF717A3A24A79073007E641E /* LinkPreview.swift in Sources */,
				AF15C80024A7A246004E3E60 /* CircleImage.swift in Sources */,
				AF61522324A20CE900E158C7 /* MUIShadow.swift in Sources */,
				AF0CF22724C89E950089FE87 /* FilterShortcut.swift in Sources */,
				AF0CF22924C8A3860089FE87 /* ListSettingsScreen.swift in Sources */,
				AF5FBC9C24A4E0A00009D7DF /* ScannerScreen.swift in Sources */,
				AF61522A24A2844500E158C7 /* Stretch.swift in Sources */,
			);
			runOnlyForDeploymentPostprocessing = 0;
		};
		AF6151F924A200EB00E158C7 /* Sources */ = {
			isa = PBXSourcesBuildPhase;
			buildActionMask = 2147483647;
			files = (
				AF61520224A200EB00E158C7 /* TigerTests.swift in Sources */,
			);
			runOnlyForDeploymentPostprocessing = 0;
		};
		AF61520424A200EB00E158C7 /* Sources */ = {
			isa = PBXSourcesBuildPhase;
			buildActionMask = 2147483647;
			files = (
				AF61520D24A200EB00E158C7 /* TigerUITests.swift in Sources */,
			);
			runOnlyForDeploymentPostprocessing = 0;
		};
/* End PBXSourcesBuildPhase section */

/* Begin PBXTargetDependency section */
		AF6151FF24A200EB00E158C7 /* PBXTargetDependency */ = {
			isa = PBXTargetDependency;
			target = AF6151E324A200E700E158C7 /* Tiger */;
			targetProxy = AF6151FE24A200EB00E158C7 /* PBXContainerItemProxy */;
		};
		AF61520A24A200EB00E158C7 /* PBXTargetDependency */ = {
			isa = PBXTargetDependency;
			target = AF6151E324A200E700E158C7 /* Tiger */;
			targetProxy = AF61520924A200EB00E158C7 /* PBXContainerItemProxy */;
		};
/* End PBXTargetDependency section */

/* Begin PBXVariantGroup section */
		AF6151F524A200EA00E158C7 /* LaunchScreen.storyboard */ = {
			isa = PBXVariantGroup;
			children = (
				AF6151F624A200EA00E158C7 /* Base */,
			);
			name = LaunchScreen.storyboard;
			sourceTree = "<group>";
		};
/* End PBXVariantGroup section */

/* Begin XCBuildConfiguration section */
		AF61520F24A200EB00E158C7 /* Debug */ = {
			isa = XCBuildConfiguration;
			buildSettings = {
				ALWAYS_SEARCH_USER_PATHS = NO;
				CLANG_ANALYZER_NONNULL = YES;
				CLANG_ANALYZER_NUMBER_OBJECT_CONVERSION = YES_AGGRESSIVE;
				CLANG_CXX_LANGUAGE_STANDARD = "gnu++14";
				CLANG_CXX_LIBRARY = "libc++";
				CLANG_ENABLE_MODULES = YES;
				CLANG_ENABLE_OBJC_ARC = YES;
				CLANG_ENABLE_OBJC_WEAK = YES;
				CLANG_WARN_BLOCK_CAPTURE_AUTORELEASING = YES;
				CLANG_WARN_BOOL_CONVERSION = YES;
				CLANG_WARN_COMMA = YES;
				CLANG_WARN_CONSTANT_CONVERSION = YES;
				CLANG_WARN_DEPRECATED_OBJC_IMPLEMENTATIONS = YES;
				CLANG_WARN_DIRECT_OBJC_ISA_USAGE = YES_ERROR;
				CLANG_WARN_DOCUMENTATION_COMMENTS = YES;
				CLANG_WARN_EMPTY_BODY = YES;
				CLANG_WARN_ENUM_CONVERSION = YES;
				CLANG_WARN_INFINITE_RECURSION = YES;
				CLANG_WARN_INT_CONVERSION = YES;
				CLANG_WARN_NON_LITERAL_NULL_CONVERSION = YES;
				CLANG_WARN_OBJC_IMPLICIT_RETAIN_SELF = YES;
				CLANG_WARN_OBJC_LITERAL_CONVERSION = YES;
				CLANG_WARN_OBJC_ROOT_CLASS = YES_ERROR;
				CLANG_WARN_RANGE_LOOP_ANALYSIS = YES;
				CLANG_WARN_STRICT_PROTOTYPES = YES;
				CLANG_WARN_SUSPICIOUS_MOVE = YES;
				CLANG_WARN_UNGUARDED_AVAILABILITY = YES_AGGRESSIVE;
				CLANG_WARN_UNREACHABLE_CODE = YES;
				CLANG_WARN__DUPLICATE_METHOD_MATCH = YES;
				COPY_PHASE_STRIP = NO;
				DEBUG_INFORMATION_FORMAT = dwarf;
				ENABLE_STRICT_OBJC_MSGSEND = YES;
				ENABLE_TESTABILITY = YES;
				GCC_C_LANGUAGE_STANDARD = gnu11;
				GCC_DYNAMIC_NO_PIC = NO;
				GCC_NO_COMMON_BLOCKS = YES;
				GCC_OPTIMIZATION_LEVEL = 0;
				GCC_PREPROCESSOR_DEFINITIONS = (
					"DEBUG=1",
					"$(inherited)",
				);
				GCC_WARN_64_TO_32_BIT_CONVERSION = YES;
				GCC_WARN_ABOUT_RETURN_TYPE = YES_ERROR;
				GCC_WARN_UNDECLARED_SELECTOR = YES;
				GCC_WARN_UNINITIALIZED_AUTOS = YES_AGGRESSIVE;
				GCC_WARN_UNUSED_FUNCTION = YES;
				GCC_WARN_UNUSED_VARIABLE = YES;
				IPHONEOS_DEPLOYMENT_TARGET = 13.5;
				MTL_ENABLE_DEBUG_INFO = INCLUDE_SOURCE;
				MTL_FAST_MATH = YES;
				ONLY_ACTIVE_ARCH = YES;
				SDKROOT = iphoneos;
				SWIFT_ACTIVE_COMPILATION_CONDITIONS = DEBUG;
				SWIFT_OPTIMIZATION_LEVEL = "-Onone";
			};
			name = Debug;
		};
		AF61521024A200EB00E158C7 /* Release */ = {
			isa = XCBuildConfiguration;
			buildSettings = {
				ALWAYS_SEARCH_USER_PATHS = NO;
				CLANG_ANALYZER_NONNULL = YES;
				CLANG_ANALYZER_NUMBER_OBJECT_CONVERSION = YES_AGGRESSIVE;
				CLANG_CXX_LANGUAGE_STANDARD = "gnu++14";
				CLANG_CXX_LIBRARY = "libc++";
				CLANG_ENABLE_MODULES = YES;
				CLANG_ENABLE_OBJC_ARC = YES;
				CLANG_ENABLE_OBJC_WEAK = YES;
				CLANG_WARN_BLOCK_CAPTURE_AUTORELEASING = YES;
				CLANG_WARN_BOOL_CONVERSION = YES;
				CLANG_WARN_COMMA = YES;
				CLANG_WARN_CONSTANT_CONVERSION = YES;
				CLANG_WARN_DEPRECATED_OBJC_IMPLEMENTATIONS = YES;
				CLANG_WARN_DIRECT_OBJC_ISA_USAGE = YES_ERROR;
				CLANG_WARN_DOCUMENTATION_COMMENTS = YES;
				CLANG_WARN_EMPTY_BODY = YES;
				CLANG_WARN_ENUM_CONVERSION = YES;
				CLANG_WARN_INFINITE_RECURSION = YES;
				CLANG_WARN_INT_CONVERSION = YES;
				CLANG_WARN_NON_LITERAL_NULL_CONVERSION = YES;
				CLANG_WARN_OBJC_IMPLICIT_RETAIN_SELF = YES;
				CLANG_WARN_OBJC_LITERAL_CONVERSION = YES;
				CLANG_WARN_OBJC_ROOT_CLASS = YES_ERROR;
				CLANG_WARN_RANGE_LOOP_ANALYSIS = YES;
				CLANG_WARN_STRICT_PROTOTYPES = YES;
				CLANG_WARN_SUSPICIOUS_MOVE = YES;
				CLANG_WARN_UNGUARDED_AVAILABILITY = YES_AGGRESSIVE;
				CLANG_WARN_UNREACHABLE_CODE = YES;
				CLANG_WARN__DUPLICATE_METHOD_MATCH = YES;
				COPY_PHASE_STRIP = NO;
				DEBUG_INFORMATION_FORMAT = "dwarf-with-dsym";
				ENABLE_NS_ASSERTIONS = NO;
				ENABLE_STRICT_OBJC_MSGSEND = YES;
				GCC_C_LANGUAGE_STANDARD = gnu11;
				GCC_NO_COMMON_BLOCKS = YES;
				GCC_WARN_64_TO_32_BIT_CONVERSION = YES;
				GCC_WARN_ABOUT_RETURN_TYPE = YES_ERROR;
				GCC_WARN_UNDECLARED_SELECTOR = YES;
				GCC_WARN_UNINITIALIZED_AUTOS = YES_AGGRESSIVE;
				GCC_WARN_UNUSED_FUNCTION = YES;
				GCC_WARN_UNUSED_VARIABLE = YES;
				IPHONEOS_DEPLOYMENT_TARGET = 13.5;
				MTL_ENABLE_DEBUG_INFO = NO;
				MTL_FAST_MATH = YES;
				SDKROOT = iphoneos;
				SWIFT_COMPILATION_MODE = wholemodule;
				SWIFT_OPTIMIZATION_LEVEL = "-O";
				VALIDATE_PRODUCT = YES;
			};
			name = Release;
		};
		AF61521224A200EB00E158C7 /* Debug */ = {
			isa = XCBuildConfiguration;
			buildSettings = {
				ASSETCATALOG_COMPILER_APPICON_NAME = AppIcon;
				CODE_SIGN_STYLE = Automatic;
				DEVELOPMENT_ASSET_PATHS = "\"Tiger/Preview Content\"";
				DEVELOPMENT_TEAM = N2QF94LKC6;
				ENABLE_PREVIEWS = YES;
				INFOPLIST_FILE = Tiger/Info.plist;
				LD_RUNPATH_SEARCH_PATHS = (
					"$(inherited)",
					"@executable_path/Frameworks",
				);
				PRODUCT_BUNDLE_IDENTIFIER = com.thoroee.Tiger;
				PRODUCT_NAME = "$(TARGET_NAME)";
				SWIFT_VERSION = 5.0;
				TARGETED_DEVICE_FAMILY = "1,2";
			};
			name = Debug;
		};
		AF61521324A200EB00E158C7 /* Release */ = {
			isa = XCBuildConfiguration;
			buildSettings = {
				ASSETCATALOG_COMPILER_APPICON_NAME = AppIcon;
				CODE_SIGN_STYLE = Automatic;
				DEVELOPMENT_ASSET_PATHS = "\"Tiger/Preview Content\"";
				DEVELOPMENT_TEAM = N2QF94LKC6;
				ENABLE_PREVIEWS = YES;
				INFOPLIST_FILE = Tiger/Info.plist;
				LD_RUNPATH_SEARCH_PATHS = (
					"$(inherited)",
					"@executable_path/Frameworks",
				);
				PRODUCT_BUNDLE_IDENTIFIER = com.thoroee.Tiger;
				PRODUCT_NAME = "$(TARGET_NAME)";
				SWIFT_VERSION = 5.0;
				TARGETED_DEVICE_FAMILY = "1,2";
			};
			name = Release;
		};
		AF61521524A200EB00E158C7 /* Debug */ = {
			isa = XCBuildConfiguration;
			buildSettings = {
				ALWAYS_EMBED_SWIFT_STANDARD_LIBRARIES = YES;
				BUNDLE_LOADER = "$(TEST_HOST)";
				CODE_SIGN_STYLE = Automatic;
				DEVELOPMENT_TEAM = N2QF94LKC6;
				INFOPLIST_FILE = TigerTests/Info.plist;
				IPHONEOS_DEPLOYMENT_TARGET = 13.5;
				LD_RUNPATH_SEARCH_PATHS = (
					"$(inherited)",
					"@executable_path/Frameworks",
					"@loader_path/Frameworks",
				);
				PRODUCT_BUNDLE_IDENTIFIER = com.thoroee.TigerTests;
				PRODUCT_NAME = "$(TARGET_NAME)";
				SWIFT_VERSION = 5.0;
				TARGETED_DEVICE_FAMILY = "1,2";
				TEST_HOST = "$(BUILT_PRODUCTS_DIR)/Tiger.app/Tiger";
			};
			name = Debug;
		};
		AF61521624A200EB00E158C7 /* Release */ = {
			isa = XCBuildConfiguration;
			buildSettings = {
				ALWAYS_EMBED_SWIFT_STANDARD_LIBRARIES = YES;
				BUNDLE_LOADER = "$(TEST_HOST)";
				CODE_SIGN_STYLE = Automatic;
				DEVELOPMENT_TEAM = N2QF94LKC6;
				INFOPLIST_FILE = TigerTests/Info.plist;
				IPHONEOS_DEPLOYMENT_TARGET = 13.5;
				LD_RUNPATH_SEARCH_PATHS = (
					"$(inherited)",
					"@executable_path/Frameworks",
					"@loader_path/Frameworks",
				);
				PRODUCT_BUNDLE_IDENTIFIER = com.thoroee.TigerTests;
				PRODUCT_NAME = "$(TARGET_NAME)";
				SWIFT_VERSION = 5.0;
				TARGETED_DEVICE_FAMILY = "1,2";
				TEST_HOST = "$(BUILT_PRODUCTS_DIR)/Tiger.app/Tiger";
			};
			name = Release;
		};
		AF61521824A200EB00E158C7 /* Debug */ = {
			isa = XCBuildConfiguration;
			buildSettings = {
				ALWAYS_EMBED_SWIFT_STANDARD_LIBRARIES = YES;
				CODE_SIGN_STYLE = Automatic;
				DEVELOPMENT_TEAM = N2QF94LKC6;
				INFOPLIST_FILE = TigerUITests/Info.plist;
				LD_RUNPATH_SEARCH_PATHS = (
					"$(inherited)",
					"@executable_path/Frameworks",
					"@loader_path/Frameworks",
				);
				PRODUCT_BUNDLE_IDENTIFIER = com.thoroee.TigerUITests;
				PRODUCT_NAME = "$(TARGET_NAME)";
				SWIFT_VERSION = 5.0;
				TARGETED_DEVICE_FAMILY = "1,2";
				TEST_TARGET_NAME = Tiger;
			};
			name = Debug;
		};
		AF61521924A200EB00E158C7 /* Release */ = {
			isa = XCBuildConfiguration;
			buildSettings = {
				ALWAYS_EMBED_SWIFT_STANDARD_LIBRARIES = YES;
				CODE_SIGN_STYLE = Automatic;
				DEVELOPMENT_TEAM = N2QF94LKC6;
				INFOPLIST_FILE = TigerUITests/Info.plist;
				LD_RUNPATH_SEARCH_PATHS = (
					"$(inherited)",
					"@executable_path/Frameworks",
					"@loader_path/Frameworks",
				);
				PRODUCT_BUNDLE_IDENTIFIER = com.thoroee.TigerUITests;
				PRODUCT_NAME = "$(TARGET_NAME)";
				SWIFT_VERSION = 5.0;
				TARGETED_DEVICE_FAMILY = "1,2";
				TEST_TARGET_NAME = Tiger;
			};
			name = Release;
		};
/* End XCBuildConfiguration section */

/* Begin XCConfigurationList section */
		AF6151DF24A200E700E158C7 /* Build configuration list for PBXProject "Tiger" */ = {
			isa = XCConfigurationList;
			buildConfigurations = (
				AF61520F24A200EB00E158C7 /* Debug */,
				AF61521024A200EB00E158C7 /* Release */,
			);
			defaultConfigurationIsVisible = 0;
			defaultConfigurationName = Release;
		};
		AF61521124A200EB00E158C7 /* Build configuration list for PBXNativeTarget "Tiger" */ = {
			isa = XCConfigurationList;
			buildConfigurations = (
				AF61521224A200EB00E158C7 /* Debug */,
				AF61521324A200EB00E158C7 /* Release */,
			);
			defaultConfigurationIsVisible = 0;
			defaultConfigurationName = Release;
		};
		AF61521424A200EB00E158C7 /* Build configuration list for PBXNativeTarget "TigerTests" */ = {
			isa = XCConfigurationList;
			buildConfigurations = (
				AF61521524A200EB00E158C7 /* Debug */,
				AF61521624A200EB00E158C7 /* Release */,
			);
			defaultConfigurationIsVisible = 0;
			defaultConfigurationName = Release;
		};
		AF61521724A200EB00E158C7 /* Build configuration list for PBXNativeTarget "TigerUITests" */ = {
			isa = XCConfigurationList;
			buildConfigurations = (
				AF61521824A200EB00E158C7 /* Debug */,
				AF61521924A200EB00E158C7 /* Release */,
			);
			defaultConfigurationIsVisible = 0;
			defaultConfigurationName = Release;
		};
/* End XCConfigurationList section */

/* Begin XCRemoteSwiftPackageReference section */
		AF29A26824A8834800308D45 /* XCRemoteSwiftPackageReference "FavIcon" */ = {
			isa = XCRemoteSwiftPackageReference;
			repositoryURL = "https://github.com/leonbreedt/FavIcon.git";
			requirement = {
				kind = upToNextMajorVersion;
				minimumVersion = 3.1.0;
			};
		};
/* End XCRemoteSwiftPackageReference section */

/* Begin XCSwiftPackageProductDependency section */
		AF29A26924A8834800308D45 /* FavIcon */ = {
			isa = XCSwiftPackageProductDependency;
			package = AF29A26824A8834800308D45 /* XCRemoteSwiftPackageReference "FavIcon" */;
			productName = FavIcon;
		};
/* End XCSwiftPackageProductDependency section */

/* Begin XCVersionGroup section */
		AF6151EB24A200E700E158C7 /* Tiger.xcdatamodeld */ = {
			isa = XCVersionGroup;
			children = (
				AF6151EC24A200E700E158C7 /* Tiger.xcdatamodel */,
			);
			currentVersion = AF6151EC24A200E700E158C7 /* Tiger.xcdatamodel */;
			path = Tiger.xcdatamodeld;
			sourceTree = "<group>";
			versionGroupType = wrapper.xcdatamodel;
		};
/* End XCVersionGroup section */
	};
	rootObject = AF6151DC24A200E700E158C7 /* Project object */;
}
